// !$*UTF8*$!
{
	archiveVersion = 1;
	classes = {
	};
	objectVersion = 56;
	objects = {

/* Begin PBXBuildFile section */
		375082332BE0CF0000D07573 /* StoryCell.swift in Sources */ = {isa = PBXBuildFile; fileRef = 375082322BE0CF0000D07573 /* StoryCell.swift */; };
		375082392BE0CF6600D07573 /* CellProtocol.swift in Sources */ = {isa = PBXBuildFile; fileRef = 375082382BE0CF6600D07573 /* CellProtocol.swift */; };
		3750823C2BE0D08E00D07573 /* View.ext.swift in Sources */ = {isa = PBXBuildFile; fileRef = 3750823B2BE0D08E00D07573 /* View.ext.swift */; };
		375082402BE0D20200D07573 /* AppUIFuncs.swift in Sources */ = {isa = PBXBuildFile; fileRef = 3750823F2BE0D20200D07573 /* AppUIFuncs.swift */; };
		375082422BE0DACE00D07573 /* MessageCell.swift in Sources */ = {isa = PBXBuildFile; fileRef = 375082412BE0DACE00D07573 /* MessageCell.swift */; };
		375082442BE14D5D00D07573 /* BannerCell.swift in Sources */ = {isa = PBXBuildFile; fileRef = 375082432BE14D5D00D07573 /* BannerCell.swift */; };
		375082462BE1610D00D07573 /* ImageCell.swift in Sources */ = {isa = PBXBuildFile; fileRef = 375082452BE1610D00D07573 /* ImageCell.swift */; };
		378040752BDF9ABE00C8CF1A /* AppDelegate.swift in Sources */ = {isa = PBXBuildFile; fileRef = 378040742BDF9ABE00C8CF1A /* AppDelegate.swift */; };
		378040772BDF9ABE00C8CF1A /* SceneDelegate.swift in Sources */ = {isa = PBXBuildFile; fileRef = 378040762BDF9ABE00C8CF1A /* SceneDelegate.swift */; };
		378040792BDF9ABE00C8CF1A /* ViewController.swift in Sources */ = {isa = PBXBuildFile; fileRef = 378040782BDF9ABE00C8CF1A /* ViewController.swift */; };
		3780407E2BDF9ABF00C8CF1A /* Assets.xcassets in Resources */ = {isa = PBXBuildFile; fileRef = 3780407D2BDF9ABF00C8CF1A /* Assets.xcassets */; };
		378040812BDF9ABF00C8CF1A /* Base in Resources */ = {isa = PBXBuildFile; fileRef = 378040802BDF9ABF00C8CF1A /* Base */; };
		3780408A2BDF9B3F00C8CF1A /* ItemData.swift in Sources */ = {isa = PBXBuildFile; fileRef = 378040892BDF9B3F00C8CF1A /* ItemData.swift */; };
		3780408C2BDF9B4800C8CF1A /* SectionData.swift in Sources */ = {isa = PBXBuildFile; fileRef = 3780408B2BDF9B4800C8CF1A /* SectionData.swift */; };
/* End PBXBuildFile section */

/* Begin PBXFileReference section */
		375082322BE0CF0000D07573 /* StoryCell.swift */ = {isa = PBXFileReference; lastKnownFileType = sourcecode.swift; path = StoryCell.swift; sourceTree = "<group>"; };
		375082382BE0CF6600D07573 /* CellProtocol.swift */ = {isa = PBXFileReference; lastKnownFileType = sourcecode.swift; path = CellProtocol.swift; sourceTree = "<group>"; };
		3750823B2BE0D08E00D07573 /* View.ext.swift */ = {isa = PBXFileReference; lastKnownFileType = sourcecode.swift; path = View.ext.swift; sourceTree = "<group>"; };
		3750823F2BE0D20200D07573 /* AppUIFuncs.swift */ = {isa = PBXFileReference; lastKnownFileType = sourcecode.swift; path = AppUIFuncs.swift; sourceTree = "<group>"; };
		375082412BE0DACE00D07573 /* MessageCell.swift */ = {isa = PBXFileReference; lastKnownFileType = sourcecode.swift; path = MessageCell.swift; sourceTree = "<group>"; };
		375082432BE14D5D00D07573 /* BannerCell.swift */ = {isa = PBXFileReference; lastKnownFileType = sourcecode.swift; path = BannerCell.swift; sourceTree = "<group>"; };
		375082452BE1610D00D07573 /* ImageCell.swift */ = {isa = PBXFileReference; lastKnownFileType = sourcecode.swift; path = ImageCell.swift; sourceTree = "<group>"; };
		378040712BDF9ABE00C8CF1A /* HW10.1.app */ = {isa = PBXFileReference; explicitFileType = wrapper.application; includeInIndex = 0; path = HW10.1.app; sourceTree = BUILT_PRODUCTS_DIR; };
		378040742BDF9ABE00C8CF1A /* AppDelegate.swift */ = {isa = PBXFileReference; lastKnownFileType = sourcecode.swift; path = AppDelegate.swift; sourceTree = "<group>"; };
		378040762BDF9ABE00C8CF1A /* SceneDelegate.swift */ = {isa = PBXFileReference; lastKnownFileType = sourcecode.swift; path = SceneDelegate.swift; sourceTree = "<group>"; };
		378040782BDF9ABE00C8CF1A /* ViewController.swift */ = {isa = PBXFileReference; lastKnownFileType = sourcecode.swift; path = ViewController.swift; sourceTree = "<group>"; };
		3780407D2BDF9ABF00C8CF1A /* Assets.xcassets */ = {isa = PBXFileReference; lastKnownFileType = folder.assetcatalog; path = Assets.xcassets; sourceTree = "<group>"; };
		378040802BDF9ABF00C8CF1A /* Base */ = {isa = PBXFileReference; lastKnownFileType = file.storyboard; name = Base; path = Base.lproj/LaunchScreen.storyboard; sourceTree = "<group>"; };
		378040822BDF9ABF00C8CF1A /* Info.plist */ = {isa = PBXFileReference; lastKnownFileType = text.plist.xml; path = Info.plist; sourceTree = "<group>"; };
		378040892BDF9B3F00C8CF1A /* ItemData.swift */ = {isa = PBXFileReference; lastKnownFileType = sourcecode.swift; path = ItemData.swift; sourceTree = "<group>"; };
		3780408B2BDF9B4800C8CF1A /* SectionData.swift */ = {isa = PBXFileReference; lastKnownFileType = sourcecode.swift; path = SectionData.swift; sourceTree = "<group>"; };
/* End PBXFileReference section */

/* Begin PBXFrameworksBuildPhase section */
		3780406E2BDF9ABE00C8CF1A /* Frameworks */ = {
			isa = PBXFrameworksBuildPhase;
			buildActionMask = 2147483647;
			files = (
			);
			runOnlyForDeploymentPostprocessing = 0;
		};
/* End PBXFrameworksBuildPhase section */

/* Begin PBXGroup section */
		375082352BE0CF2A00D07573 /* Models */ = {
			isa = PBXGroup;
			children = (
				378040892BDF9B3F00C8CF1A /* ItemData.swift */,
				3780408B2BDF9B4800C8CF1A /* SectionData.swift */,
			);
			path = Models;
			sourceTree = "<group>";
		};
		375082362BE0CF4600D07573 /* Cells */ = {
			isa = PBXGroup;
			children = (
				375082322BE0CF0000D07573 /* StoryCell.swift */,
				375082412BE0DACE00D07573 /* MessageCell.swift */,
				375082432BE14D5D00D07573 /* BannerCell.swift */,
				375082452BE1610D00D07573 /* ImageCell.swift */,
			);
			path = Cells;
			sourceTree = "<group>";
		};
		375082372BE0CF5300D07573 /* Protocols */ = {
			isa = PBXGroup;
			children = (
				375082382BE0CF6600D07573 /* CellProtocol.swift */,
			);
			path = Protocols;
			sourceTree = "<group>";
		};
		3750823A2BE0D07600D07573 /* Extensions */ = {
			isa = PBXGroup;
			children = (
				3750823B2BE0D08E00D07573 /* View.ext.swift */,
			);
			path = Extensions;
			sourceTree = "<group>";
		};
		378040682BDF9ABE00C8CF1A = {
			isa = PBXGroup;
			children = (
				378040732BDF9ABE00C8CF1A /* HW10.1 */,
				378040722BDF9ABE00C8CF1A /* Products */,
			);
			sourceTree = "<group>";
		};
		378040722BDF9ABE00C8CF1A /* Products */ = {
			isa = PBXGroup;
			children = (
				378040712BDF9ABE00C8CF1A /* HW10.1.app */,
			);
			name = Products;
			sourceTree = "<group>";
		};
		378040732BDF9ABE00C8CF1A /* HW10.1 */ = {
			isa = PBXGroup;
			children = (
				3750823F2BE0D20200D07573 /* AppUIFuncs.swift */,
				3750823A2BE0D07600D07573 /* Extensions */,
				375082372BE0CF5300D07573 /* Protocols */,
				375082362BE0CF4600D07573 /* Cells */,
				375082352BE0CF2A00D07573 /* Models */,
				378040742BDF9ABE00C8CF1A /* AppDelegate.swift */,
				378040762BDF9ABE00C8CF1A /* SceneDelegate.swift */,
				378040782BDF9ABE00C8CF1A /* ViewController.swift */,
				3780407D2BDF9ABF00C8CF1A /* Assets.xcassets */,
				3780407F2BDF9ABF00C8CF1A /* LaunchScreen.storyboard */,
				378040822BDF9ABF00C8CF1A /* Info.plist */,
			);
			path = HW10.1;
			sourceTree = "<group>";
		};
/* End PBXGroup section */

/* Begin PBXNativeTarget section */
		378040702BDF9ABE00C8CF1A /* HW10.1 */ = {
			isa = PBXNativeTarget;
			buildConfigurationList = 378040852BDF9ABF00C8CF1A /* Build configuration list for PBXNativeTarget "HW10.1" */;
			buildPhases = (
				3780406D2BDF9ABE00C8CF1A /* Sources */,
				3780406E2BDF9ABE00C8CF1A /* Frameworks */,
				3780406F2BDF9ABE00C8CF1A /* Resources */,
			);
			buildRules = (
			);
			dependencies = (
			);
			name = HW10.1;
			productName = HW10.1;
			productReference = 378040712BDF9ABE00C8CF1A /* HW10.1.app */;
			productType = "com.apple.product-type.application";
		};
/* End PBXNativeTarget section */

/* Begin PBXProject section */
		378040692BDF9ABE00C8CF1A /* Project object */ = {
			isa = PBXProject;
			attributes = {
				BuildIndependentTargetsInParallel = 1;
				LastSwiftUpdateCheck = 1530;
				LastUpgradeCheck = 1530;
				TargetAttributes = {
					378040702BDF9ABE00C8CF1A = {
						CreatedOnToolsVersion = 15.3;
					};
				};
			};
			buildConfigurationList = 3780406C2BDF9ABE00C8CF1A /* Build configuration list for PBXProject "HW10.1" */;
			compatibilityVersion = "Xcode 14.0";
			developmentRegion = en;
			hasScannedForEncodings = 0;
			knownRegions = (
				en,
				Base,
			);
			mainGroup = 378040682BDF9ABE00C8CF1A;
			productRefGroup = 378040722BDF9ABE00C8CF1A /* Products */;
			projectDirPath = "";
			projectRoot = "";
			targets = (
				378040702BDF9ABE00C8CF1A /* HW10.1 */,
			);
		};
/* End PBXProject section */

/* Begin PBXResourcesBuildPhase section */
		3780406F2BDF9ABE00C8CF1A /* Resources */ = {
			isa = PBXResourcesBuildPhase;
			buildActionMask = 2147483647;
			files = (
				3780407E2BDF9ABF00C8CF1A /* Assets.xcassets in Resources */,
				378040812BDF9ABF00C8CF1A /* Base in Resources */,
			);
			runOnlyForDeploymentPostprocessing = 0;
		};
/* End PBXResourcesBuildPhase section */

/* Begin PBXSourcesBuildPhase section */
		3780406D2BDF9ABE00C8CF1A /* Sources */ = {
			isa = PBXSourcesBuildPhase;
			buildActionMask = 2147483647;
			files = (
				378040792BDF9ABE00C8CF1A /* ViewController.swift in Sources */,
				375082422BE0DACE00D07573 /* MessageCell.swift in Sources */,
				378040752BDF9ABE00C8CF1A /* AppDelegate.swift in Sources */,
				3780408C2BDF9B4800C8CF1A /* SectionData.swift in Sources */,
				3750823C2BE0D08E00D07573 /* View.ext.swift in Sources */,
				375082462BE1610D00D07573 /* ImageCell.swift in Sources */,
				375082392BE0CF6600D07573 /* CellProtocol.swift in Sources */,
				3780408A2BDF9B3F00C8CF1A /* ItemData.swift in Sources */,
				378040772BDF9ABE00C8CF1A /* SceneDelegate.swift in Sources */,
				375082332BE0CF0000D07573 /* StoryCell.swift in Sources */,
				375082402BE0D20200D07573 /* AppUIFuncs.swift in Sources */,
				375082442BE14D5D00D07573 /* BannerCell.swift in Sources */,
			);
			runOnlyForDeploymentPostprocessing = 0;
		};
/* End PBXSourcesBuildPhase section */

/* Begin PBXVariantGroup section */
		3780407F2BDF9ABF00C8CF1A /* LaunchScreen.storyboard */ = {
			isa = PBXVariantGroup;
			children = (
				378040802BDF9ABF00C8CF1A /* Base */,
			);
			name = LaunchScreen.storyboard;
			sourceTree = "<group>";
		};
/* End PBXVariantGroup section */

/* Begin XCBuildConfiguration section */
		378040832BDF9ABF00C8CF1A /* Debug */ = {
			isa = XCBuildConfiguration;
			buildSettings = {
				ALWAYS_SEARCH_USER_PATHS = NO;
				ASSETCATALOG_COMPILER_GENERATE_SWIFT_ASSET_SYMBOL_EXTENSIONS = YES;
				CLANG_ANALYZER_NONNULL = YES;
				CLANG_ANALYZER_NUMBER_OBJECT_CONVERSION = YES_AGGRESSIVE;
				CLANG_CXX_LANGUAGE_STANDARD = "gnu++20";
				CLANG_ENABLE_MODULES = YES;
				CLANG_ENABLE_OBJC_ARC = YES;
				CLANG_ENABLE_OBJC_WEAK = YES;
				CLANG_WARN_BLOCK_CAPTURE_AUTORELEASING = YES;
				CLANG_WARN_BOOL_CONVERSION = YES;
				CLANG_WARN_COMMA = YES;
				CLANG_WARN_CONSTANT_CONVERSION = YES;
				CLANG_WARN_DEPRECATED_OBJC_IMPLEMENTATIONS = YES;
				CLANG_WARN_DIRECT_OBJC_ISA_USAGE = YES_ERROR;
				CLANG_WARN_DOCUMENTATION_COMMENTS = YES;
				CLANG_WARN_EMPTY_BODY = YES;
				CLANG_WARN_ENUM_CONVERSION = YES;
				CLANG_WARN_INFINITE_RECURSION = YES;
				CLANG_WARN_INT_CONVERSION = YES;
				CLANG_WARN_NON_LITERAL_NULL_CONVERSION = YES;
				CLANG_WARN_OBJC_IMPLICIT_RETAIN_SELF = YES;
				CLANG_WARN_OBJC_LITERAL_CONVERSION = YES;
				CLANG_WARN_OBJC_ROOT_CLASS = YES_ERROR;
				CLANG_WARN_QUOTED_INCLUDE_IN_FRAMEWORK_HEADER = YES;
				CLANG_WARN_RANGE_LOOP_ANALYSIS = YES;
				CLANG_WARN_STRICT_PROTOTYPES = YES;
				CLANG_WARN_SUSPICIOUS_MOVE = YES;
				CLANG_WARN_UNGUARDED_AVAILABILITY = YES_AGGRESSIVE;
				CLANG_WARN_UNREACHABLE_CODE = YES;
				CLANG_WARN__DUPLICATE_METHOD_MATCH = YES;
				COPY_PHASE_STRIP = NO;
				DEBUG_INFORMATION_FORMAT = dwarf;
				ENABLE_STRICT_OBJC_MSGSEND = YES;
				ENABLE_TESTABILITY = YES;
				ENABLE_USER_SCRIPT_SANDBOXING = YES;
				GCC_C_LANGUAGE_STANDARD = gnu17;
				GCC_DYNAMIC_NO_PIC = NO;
				GCC_NO_COMMON_BLOCKS = YES;
				GCC_OPTIMIZATION_LEVEL = 0;
				GCC_PREPROCESSOR_DEFINITIONS = (
					"DEBUG=1",
					"$(inherited)",
				);
				GCC_WARN_64_TO_32_BIT_CONVERSION = YES;
				GCC_WARN_ABOUT_RETURN_TYPE = YES_ERROR;
				GCC_WARN_UNDECLARED_SELECTOR = YES;
				GCC_WARN_UNINITIALIZED_AUTOS = YES_AGGRESSIVE;
				GCC_WARN_UNUSED_FUNCTION = YES;
				GCC_WARN_UNUSED_VARIABLE = YES;
				IPHONEOS_DEPLOYMENT_TARGET = 17.4;
				LOCALIZATION_PREFERS_STRING_CATALOGS = YES;
				MTL_ENABLE_DEBUG_INFO = INCLUDE_SOURCE;
				MTL_FAST_MATH = YES;
				ONLY_ACTIVE_ARCH = YES;
				SDKROOT = iphoneos;
				SWIFT_ACTIVE_COMPILATION_CONDITIONS = "DEBUG $(inherited)";
				SWIFT_OPTIMIZATION_LEVEL = "-Onone";
			};
			name = Debug;
		};
		378040842BDF9ABF00C8CF1A /* Release */ = {
			isa = XCBuildConfiguration;
			buildSettings = {
				ALWAYS_SEARCH_USER_PATHS = NO;
				ASSETCATALOG_COMPILER_GENERATE_SWIFT_ASSET_SYMBOL_EXTENSIONS = YES;
				CLANG_ANALYZER_NONNULL = YES;
				CLANG_ANALYZER_NUMBER_OBJECT_CONVERSION = YES_AGGRESSIVE;
				CLANG_CXX_LANGUAGE_STANDARD = "gnu++20";
				CLANG_ENABLE_MODULES = YES;
				CLANG_ENABLE_OBJC_ARC = YES;
				CLANG_ENABLE_OBJC_WEAK = YES;
				CLANG_WARN_BLOCK_CAPTURE_AUTORELEASING = YES;
				CLANG_WARN_BOOL_CONVERSION = YES;
				CLANG_WARN_COMMA = YES;
				CLANG_WARN_CONSTANT_CONVERSION = YES;
				CLANG_WARN_DEPRECATED_OBJC_IMPLEMENTATIONS = YES;
				CLANG_WARN_DIRECT_OBJC_ISA_USAGE = YES_ERROR;
				CLANG_WARN_DOCUMENTATION_COMMENTS = YES;
				CLANG_WARN_EMPTY_BODY = YES;
				CLANG_WARN_ENUM_CONVERSION = YES;
				CLANG_WARN_INFINITE_RECURSION = YES;
				CLANG_WARN_INT_CONVERSION = YES;
				CLANG_WARN_NON_LITERAL_NULL_CONVERSION = YES;
				CLANG_WARN_OBJC_IMPLICIT_RETAIN_SELF = YES;
				CLANG_WARN_OBJC_LITERAL_CONVERSION = YES;
				CLANG_WARN_OBJC_ROOT_CLASS = YES_ERROR;
				CLANG_WARN_QUOTED_INCLUDE_IN_FRAMEWORK_HEADER = YES;
				CLANG_WARN_RANGE_LOOP_ANALYSIS = YES;
				CLANG_WARN_STRICT_PROTOTYPES = YES;
				CLANG_WARN_SUSPICIOUS_MOVE = YES;
				CLANG_WARN_UNGUARDED_AVAILABILITY = YES_AGGRESSIVE;
				CLANG_WARN_UNREACHABLE_CODE = YES;
				CLANG_WARN__DUPLICATE_METHOD_MATCH = YES;
				COPY_PHASE_STRIP = NO;
				DEBUG_INFORMATION_FORMAT = "dwarf-with-dsym";
				ENABLE_NS_ASSERTIONS = NO;
				ENABLE_STRICT_OBJC_MSGSEND = YES;
				ENABLE_USER_SCRIPT_SANDBOXING = YES;
				GCC_C_LANGUAGE_STANDARD = gnu17;
				GCC_NO_COMMON_BLOCKS = YES;
				GCC_WARN_64_TO_32_BIT_CONVERSION = YES;
				GCC_WARN_ABOUT_RETURN_TYPE = YES_ERROR;
				GCC_WARN_UNDECLARED_SELECTOR = YES;
				GCC_WARN_UNINITIALIZED_AUTOS = YES_AGGRESSIVE;
				GCC_WARN_UNUSED_FUNCTION = YES;
				GCC_WARN_UNUSED_VARIABLE = YES;
				IPHONEOS_DEPLOYMENT_TARGET = 17.4;
				LOCALIZATION_PREFERS_STRING_CATALOGS = YES;
				MTL_ENABLE_DEBUG_INFO = NO;
				MTL_FAST_MATH = YES;
				SDKROOT = iphoneos;
				SWIFT_COMPILATION_MODE = wholemodule;
				VALIDATE_PRODUCT = YES;
			};
			name = Release;
		};
		378040862BDF9ABF00C8CF1A /* Debug */ = {
			isa = XCBuildConfiguration;
			buildSettings = {
				ASSETCATALOG_COMPILER_APPICON_NAME = AppIcon;
				ASSETCATALOG_COMPILER_GLOBAL_ACCENT_COLOR_NAME = AccentColor;
				CODE_SIGN_STYLE = Automatic;
				CURRENT_PROJECT_VERSION = 1;
				DEVELOPMENT_TEAM = T3Y57V3BSA;
				GENERATE_INFOPLIST_FILE = YES;
				INFOPLIST_FILE = HW10.1/Info.plist;
				INFOPLIST_KEY_UIApplicationSupportsIndirectInputEvents = YES;
				INFOPLIST_KEY_UILaunchStoryboardName = LaunchScreen;
				INFOPLIST_KEY_UISupportedInterfaceOrientations_iPad = "UIInterfaceOrientationPortrait UIInterfaceOrientationPortraitUpsideDown UIInterfaceOrientationLandscapeLeft UIInterfaceOrientationLandscapeRight";
				INFOPLIST_KEY_UISupportedInterfaceOrientations_iPhone = "UIInterfaceOrientationPortrait UIInterfaceOrientationLandscapeLeft UIInterfaceOrientationLandscapeRight";
				LD_RUNPATH_SEARCH_PATHS = (
					"$(inherited)",
					"@executable_path/Frameworks",
				);
				MARKETING_VERSION = 1.0;
				PRODUCT_BUNDLE_IDENTIFIER = "com.grad0ff.Developer.HW10-1";
				PRODUCT_NAME = "$(TARGET_NAME)";
				SWIFT_EMIT_LOC_STRINGS = YES;
				SWIFT_VERSION = 5.0;
				TARGETED_DEVICE_FAMILY = "1,2";
			};
			name = Debug;
		};
		378040872BDF9ABF00C8CF1A /* Release */ = {
			isa = XCBuildConfiguration;
			buildSettings = {
				ASSETCATALOG_COMPILER_APPICON_NAME = AppIcon;
				ASSETCATALOG_COMPILER_GLOBAL_ACCENT_COLOR_NAME = AccentColor;
				CODE_SIGN_STYLE = Automatic;
				CURRENT_PROJECT_VERSION = 1;
				DEVELOPMENT_TEAM = T3Y57V3BSA;
				GENERATE_INFOPLIST_FILE = YES;
				INFOPLIST_FILE = HW10.1/Info.plist;
				INFOPLIST_KEY_UIApplicationSupportsIndirectInputEvents = YES;
				INFOPLIST_KEY_UILaunchStoryboardName = LaunchScreen;
				INFOPLIST_KEY_UISupportedInterfaceOrientations_iPad = "UIInterfaceOrientationPortrait UIInterfaceOrientationPortraitUpsideDown UIInterfaceOrientationLandscapeLeft UIInterfaceOrientationLandscapeRight";
				INFOPLIST_KEY_UISupportedInterfaceOrientations_iPhone = "UIInterfaceOrientationPortrait UIInterfaceOrientationLandscapeLeft UIInterfaceOrientationLandscapeRight";
				LD_RUNPATH_SEARCH_PATHS = (
					"$(inherited)",
					"@executable_path/Frameworks",
				);
				MARKETING_VERSION = 1.0;
				PRODUCT_BUNDLE_IDENTIFIER = "com.grad0ff.Developer.HW10-1";
				PRODUCT_NAME = "$(TARGET_NAME)";
				SWIFT_EMIT_LOC_STRINGS = YES;
				SWIFT_VERSION = 5.0;
				TARGETED_DEVICE_FAMILY = "1,2";
			};
			name = Release;
		};
/* End XCBuildConfiguration section */

/* Begin XCConfigurationList section */
		3780406C2BDF9ABE00C8CF1A /* Build configuration list for PBXProject "HW10.1" */ = {
			isa = XCConfigurationList;
			buildConfigurations = (
				378040832BDF9ABF00C8CF1A /* Debug */,
				378040842BDF9ABF00C8CF1A /* Release */,
			);
			defaultConfigurationIsVisible = 0;
			defaultConfigurationName = Release;
		};
		378040852BDF9ABF00C8CF1A /* Build configuration list for PBXNativeTarget "HW10.1" */ = {
			isa = XCConfigurationList;
			buildConfigurations = (
				378040862BDF9ABF00C8CF1A /* Debug */,
				378040872BDF9ABF00C8CF1A /* Release */,
			);
			defaultConfigurationIsVisible = 0;
			defaultConfigurationName = Release;
		};
/* End XCConfigurationList section */
	};
	rootObject = 378040692BDF9ABE00C8CF1A /* Project object */;
}
